
Microsoft Visual Studio Solution File, Format Version 12.00
# Visual Studio Version 17
VisualStudioVersion = 17.14.36327.8 d17.14
MinimumVisualStudioVersion = 10.0.40219.1
Project("{FAE04EC0-301F-11D3-BF4B-00C04F79EFBC}") = "ColoredConsole", "ColoredConsole\ColoredConsole.csproj", "{ACE8E4BC-22F9-40F2-B8AA-ECA5E458A3B1}"
EndProject
Global
	GlobalSection(SolutionConfigurationPlatforms) = preSolution
		Debug|Any CPU = Debug|Any CPU
		Release|Any CPU = Release|Any CPU
	EndGlobalSection
	GlobalSection(ProjectConfigurationPlatforms) = postSolution
		{ACE8E4BC-22F9-40F2-B8AA-ECA5E458A3B1}.Debug|Any CPU.ActiveCfg = Debug|Any CPU
		{ACE8E4BC-22F9-40F2-B8AA-ECA5E458A3B1}.Debug|Any CPU.Build.0 = Debug|Any CPU
		{ACE8E4BC-22F9-40F2-B8AA-ECA5E458A3B1}.Release|Any CPU.ActiveCfg = Release|Any CPU
		{ACE8E4BC-22F9-40F2-B8AA-ECA5E458A3B1}.Release|Any CPU.Build.0 = Release|Any CPU
	EndGlobalSection
	GlobalSection(SolutionProperties) = preSolution
		HideSolutionNode = FALSE
	EndGlobalSection
	GlobalSection(ExtensibilityGlobals) = postSolution
		SolutionGuid = {6EE506B8-00BF-4107-AB0D-E4AF25D624EC}
	EndGlobalSection
EndGlobal
